
Microsoft Visual Studio Solution File, Format Version 12.00
# Visual Studio Version 17
VisualStudioVersion = 17.5.002.0
MinimumVisualStudioVersion = 10.0.40219.1
Project("{9A19103F-16F7-4668-BE54-9A1E7A4F7556}") = "StockExServer", "StockExServer\StockExServer.csproj", "{6F4B063C-9337-48EF-AA34-F3A888C00456}"
EndProject
Project("{9A19103F-16F7-4668-BE54-9A1E7A4F7556}") = "StockExClient", "StockExClient\StockExClient.csproj", "{7079F438-8BA4-4FA9-8FEA-3415112D7583}"
EndProject
Global
	GlobalSection(SolutionConfigurationPlatforms) = preSolution
		Debug|Any CPU = Debug|Any CPU
		Release|Any CPU = Release|Any CPU
	EndGlobalSection
	GlobalSection(ProjectConfigurationPlatforms) = postSolution
		{6F4B063C-9337-48EF-AA34-F3A888C00456}.Debug|Any CPU.ActiveCfg = Debug|Any CPU
		{6F4B063C-9337-48EF-AA34-F3A888C00456}.Debug|Any CPU.Build.0 = Debug|Any CPU
		{6F4B063C-9337-48EF-AA34-F3A888C00456}.Release|Any CPU.ActiveCfg = Release|Any CPU
		{6F4B063C-9337-48EF-AA34-F3A888C00456}.Release|Any CPU.Build.0 = Release|Any CPU
		{7079F438-8BA4-4FA9-8FEA-3415112D7583}.Debug|Any CPU.ActiveCfg = Debug|Any CPU
		{7079F438-8BA4-4FA9-8FEA-3415112D7583}.Debug|Any CPU.Build.0 = Debug|Any CPU
		{7079F438-8BA4-4FA9-8FEA-3415112D7583}.Release|Any CPU.ActiveCfg = Release|Any CPU
		{7079F438-8BA4-4FA9-8FEA-3415112D7583}.Release|Any CPU.Build.0 = Release|Any CPU
	EndGlobalSection
	GlobalSection(SolutionProperties) = preSolution
		HideSolutionNode = FALSE
	EndGlobalSection
	GlobalSection(ExtensibilityGlobals) = postSolution
		SolutionGuid = {E65A5162-264B-46A2-94EB-B773726DB22A}
	EndGlobalSection
EndGlobal
